
Microsoft Visual Studio Solution File, Format Version 12.00
# Visual Studio Version 17
VisualStudioVersion = 17.11.35327.3
MinimumVisualStudioVersion = 10.0.40219.1
Project("{FAE04EC0-301F-11D3-BF4B-00C04F79EFBC}") = "BoardCreate", "BoardCreate.csproj", "{E0CA8C3B-E602-49FA-89E6-FB2E26D483B3}"
EndProject
Global
	GlobalSection(SolutionConfigurationPlatforms) = preSolution
		Debug|Any CPU = Debug|Any CPU
		Release|Any CPU = Release|Any CPU
	EndGlobalSection
	GlobalSection(ProjectConfigurationPlatforms) = postSolution
		{E0CA8C3B-E602-49FA-89E6-FB2E26D483B3}.Debug|Any CPU.ActiveCfg = Debug|Any CPU
		{E0CA8C3B-E602-49FA-89E6-FB2E26D483B3}.Debug|Any CPU.Build.0 = Debug|Any CPU
		{E0CA8C3B-E602-49FA-89E6-FB2E26D483B3}.Release|Any CPU.ActiveCfg = Release|Any CPU
		{E0CA8C3B-E602-49FA-89E6-FB2E26D483B3}.Release|Any CPU.Build.0 = Release|Any CPU
	EndGlobalSection
	GlobalSection(SolutionProperties) = preSolution
		HideSolutionNode = FALSE
	EndGlobalSection
	GlobalSection(ExtensibilityGlobals) = postSolution
		SolutionGuid = {97D86D62-1F0F-4B0D-B09A-BBA9B9CB2F04}
	EndGlobalSection
EndGlobal
